// !$*UTF8*$!
{
	archiveVersion = 1;
	classes = {
	};
	objectVersion = 55;
	objects = {

/* Begin PBXBuildFile section */
		09D4783368AEF0F505EE307C /* Flag in Frameworks */ = {isa = PBXBuildFile; productRef = 817AFE73525ED8FFE1ED4D67 /* Flag */; };
		2CAEB9B89CDA5F7BECFAD910 /* Bootstrap in Frameworks */ = {isa = PBXBuildFile; productRef = E0B47DBC00813951F58CFDB8 /* Bootstrap */; };
		5511D2936D62B80FD8CBAF20 /* AppDelegate.swift in Sources */ = {isa = PBXBuildFile; fileRef = C5F00C2D9F92D1D481CAD5B8 /* AppDelegate.swift */; };
/* End PBXBuildFile section */

/* Begin PBXCopyFilesBuildPhase section */
		0982B0B7AFAF67AB70DB3497 /* Embed Frameworks */ = {
			isa = PBXCopyFilesBuildPhase;
			buildActionMask = 2147483647;
			dstPath = "";
			dstSubfolderSpec = 10;
			files = (
			);
			name = "Embed Frameworks";
			runOnlyForDeploymentPostprocessing = 0;
		};
/* End PBXCopyFilesBuildPhase section */

/* Begin PBXFileReference section */
		01C23FAF0387632BCFD3CEB5 /* Target.Beta.xcconfig */ = {isa = PBXFileReference; lastKnownFileType = text.xcconfig; path = Target.Beta.xcconfig; sourceTree = "<group>"; };
		01DA554966B4BD46DF95310A /* LocalSwiftPackageFlag */ = {isa = PBXFileReference; lastKnownFileType = folder; name = LocalSwiftPackageFlag; path = ../../Modules/LocalSwiftPackageFlag; sourceTree = "<group>"; };
		0BCE5EAEC776DE5D0C854EEA /* Release.xcconfig */ = {isa = PBXFileReference; lastKnownFileType = text.xcconfig; path = Release.xcconfig; sourceTree = "<group>"; };
		556708BB1FE58D7A7DD6985D /* LocalSwiftPackageBootstrap */ = {isa = PBXFileReference; lastKnownFileType = folder; name = LocalSwiftPackageBootstrap; path = ../../Modules/LocalSwiftPackageBootstrap; sourceTree = "<group>"; };
		813D29C2AEE3B5AB4F79F9D8 /* Debug.xcconfig */ = {isa = PBXFileReference; lastKnownFileType = text.xcconfig; path = Debug.xcconfig; sourceTree = "<group>"; };
		8F5A9E8999F93715E6AABEFB /* App2.app */ = {isa = PBXFileReference; explicitFileType = wrapper.application; includeInIndex = 0; path = App2.app; sourceTree = BUILT_PRODUCTS_DIR; };
		AA6912FD11B11FB2ABE569FF /* Beta.xcconfig */ = {isa = PBXFileReference; lastKnownFileType = text.xcconfig; path = Beta.xcconfig; sourceTree = "<group>"; };
		C2A77D34FB18CCBC30D526F8 /* App2-Info.plist */ = {isa = PBXFileReference; lastKnownFileType = text.plist; path = "App2-Info.plist"; sourceTree = "<group>"; };
		C5F00C2D9F92D1D481CAD5B8 /* AppDelegate.swift */ = {isa = PBXFileReference; lastKnownFileType = sourcecode.swift; path = AppDelegate.swift; sourceTree = "<group>"; };
		CF7DC5EEE34A2D03EC6B08A0 /* Target.Release.xcconfig */ = {isa = PBXFileReference; lastKnownFileType = text.xcconfig; path = Target.Release.xcconfig; sourceTree = "<group>"; };
		E64715A3AB8D8E02DD70EFDA /* Target.Debug.xcconfig */ = {isa = PBXFileReference; lastKnownFileType = text.xcconfig; path = Target.Debug.xcconfig; sourceTree = "<group>"; };
/* End PBXFileReference section */

/* Begin PBXFrameworksBuildPhase section */
		EF00332563EC982684B4441B /* Frameworks */ = {
			isa = PBXFrameworksBuildPhase;
			buildActionMask = 2147483647;
			files = (
				2CAEB9B89CDA5F7BECFAD910 /* Bootstrap in Frameworks */,
				09D4783368AEF0F505EE307C /* Flag in Frameworks */,
			);
			runOnlyForDeploymentPostprocessing = 0;
		};
/* End PBXFrameworksBuildPhase section */

/* Begin PBXGroup section */
		1B97A030BF3E34C9352AAF92 = {
			isa = PBXGroup;
			children = (
				6AB9B0D4952A17BEB0C3A4DB /* Project */,
				711EA341E737EA327131A38E /* Compiled */,
				D31DF352BD33C56986D76C1E /* Products */,
				556708BB1FE58D7A7DD6985D /* LocalSwiftPackageBootstrap */,
				01DA554966B4BD46DF95310A /* LocalSwiftPackageFlag */,
			);
			sourceTree = "<group>";
		};
		29EC141712B3E6CB1D9E730B /* ConfigurationFiles */ = {
			isa = PBXGroup;
			children = (
				AA6912FD11B11FB2ABE569FF /* Beta.xcconfig */,
				813D29C2AEE3B5AB4F79F9D8 /* Debug.xcconfig */,
				0BCE5EAEC776DE5D0C854EEA /* Release.xcconfig */,
				01C23FAF0387632BCFD3CEB5 /* Target.Beta.xcconfig */,
				E64715A3AB8D8E02DD70EFDA /* Target.Debug.xcconfig */,
				CF7DC5EEE34A2D03EC6B08A0 /* Target.Release.xcconfig */,
			);
			name = ConfigurationFiles;
			path = ../../ConfigurationFiles;
			sourceTree = "<group>";
		};
		6140E52826A68E9D1403292C /* Sources */ = {
			isa = PBXGroup;
			children = (
				D84F9A4B489A518A1E456055 /* App */,
			);
			path = Sources;
			sourceTree = "<group>";
		};
		6AB9B0D4952A17BEB0C3A4DB /* Project */ = {
			isa = PBXGroup;
			children = (
				29EC141712B3E6CB1D9E730B /* ConfigurationFiles */,
				C8489A0EC6075F4710946026 /* Derived */,
				6140E52826A68E9D1403292C /* Sources */,
			);
			name = Project;
			sourceTree = "<group>";
		};
		711EA341E737EA327131A38E /* Compiled */ = {
			isa = PBXGroup;
			children = (
			);
			name = Compiled;
			sourceTree = "<group>";
		};
		8278A411111BE3764B1C65DD /* InfoPlists */ = {
			isa = PBXGroup;
			children = (
				C2A77D34FB18CCBC30D526F8 /* App2-Info.plist */,
			);
			path = InfoPlists;
			sourceTree = "<group>";
		};
		C8489A0EC6075F4710946026 /* Derived */ = {
			isa = PBXGroup;
			children = (
				8278A411111BE3764B1C65DD /* InfoPlists */,
			);
			path = Derived;
			sourceTree = "<group>";
		};
		D31DF352BD33C56986D76C1E /* Products */ = {
			isa = PBXGroup;
			children = (
				8F5A9E8999F93715E6AABEFB /* App2.app */,
			);
			name = Products;
			sourceTree = "<group>";
		};
		D84F9A4B489A518A1E456055 /* App */ = {
			isa = PBXGroup;
			children = (
				C5F00C2D9F92D1D481CAD5B8 /* AppDelegate.swift */,
			);
			path = App;
			sourceTree = "<group>";
		};
/* End PBXGroup section */

/* Begin PBXNativeTarget section */
		58B716538C7A2239DAC23AA5 /* App2 */ = {
			isa = PBXNativeTarget;
			buildConfigurationList = 0BC0E2A8F4F76AEEAA9F3DA3 /* Build configuration list for PBXNativeTarget "App2" */;
			buildPhases = (
				57C3C5F1409C1F17CD37C9B9 /* Sources */,
				234EEDA6F2743E0ABE80740C /* Resources */,
				0982B0B7AFAF67AB70DB3497 /* Embed Frameworks */,
				EF00332563EC982684B4441B /* Frameworks */,
			);
			buildRules = (
			);
			dependencies = (
			);
			name = App2;
			packageProductDependencies = (
				E0B47DBC00813951F58CFDB8 /* Bootstrap */,
				817AFE73525ED8FFE1ED4D67 /* Flag */,
			);
			productName = App2;
			productReference = 8F5A9E8999F93715E6AABEFB /* App2.app */;
			productType = "com.apple.product-type.application";
		};
/* End PBXNativeTarget section */

/* Begin PBXProject section */
		8E4B77293E3F09BECFDADEDF /* Project object */ = {
			isa = PBXProject;
			attributes = {
				BuildIndependentTargetsInParallel = YES;
				TargetAttributes = {
				};
			};
			buildConfigurationList = 4B1938C978FC8F6180AE7650 /* Build configuration list for PBXProject "App2" */;
			compatibilityVersion = "Xcode 14.0";
			developmentRegion = en;
			hasScannedForEncodings = 0;
			knownRegions = (
				Base,
				en,
			);
			mainGroup = 1B97A030BF3E34C9352AAF92;
			productRefGroup = D31DF352BD33C56986D76C1E /* Products */;
			projectDirPath = "";
			projectRoot = "";
			targets = (
				58B716538C7A2239DAC23AA5 /* App2 */,
			);
		};
/* End PBXProject section */

/* Begin PBXResourcesBuildPhase section */
		234EEDA6F2743E0ABE80740C /* Resources */ = {
			isa = PBXResourcesBuildPhase;
			buildActionMask = 2147483647;
			files = (
			);
			runOnlyForDeploymentPostprocessing = 0;
		};
/* End PBXResourcesBuildPhase section */

/* Begin PBXSourcesBuildPhase section */
		57C3C5F1409C1F17CD37C9B9 /* Sources */ = {
			isa = PBXSourcesBuildPhase;
			buildActionMask = 2147483647;
			files = (
				5511D2936D62B80FD8CBAF20 /* AppDelegate.swift in Sources */,
			);
			runOnlyForDeploymentPostprocessing = 0;
		};
/* End PBXSourcesBuildPhase section */

/* Begin XCBuildConfiguration section */
		56B2CF1E10FD3D4F66A2C972 /* Debug */ = {
			isa = XCBuildConfiguration;
			baseConfigurationReference = E64715A3AB8D8E02DD70EFDA /* Target.Debug.xcconfig */;
			buildSettings = {
				ASSETCATALOG_COMPILER_APPICON_NAME = AppIcon;
				CODE_SIGN_IDENTITY = "iPhone Developer";
				ENABLE_PREVIEWS = YES;
				INFOPLIST_FILE = "Derived/InfoPlists/App2-Info.plist";
				LD_RUNPATH_SEARCH_PATHS = (
					"$(inherited)",
					"@executable_path/Frameworks",
				);
				PRODUCT_BUNDLE_IDENTIFIER = io.tuist.app;
				PRODUCT_NAME = App2;
				SDKROOT = iphoneos;
				SUPPORTS_MACCATALYST = NO;
				SUPPORTS_MAC_DESIGNED_FOR_IPHONE_IPAD = NO;
				SUPPORTS_XR_DESIGNED_FOR_IPHONE_IPAD = NO;
				SWIFT_ACTIVE_COMPILATION_CONDITIONS = DEBUG;
				SWIFT_COMPILATION_MODE = singlefile;
				SWIFT_OPTIMIZATION_LEVEL = "-Onone";
				SWIFT_VERSION = 5.0;
				TARGETED_DEVICE_FAMILY = "1,2";
			};
			name = Debug;
		};
		6B2704FA5801BDBB88247AC3 /* Beta */ = {
			isa = XCBuildConfiguration;
			baseConfigurationReference = AA6912FD11B11FB2ABE569FF /* Beta.xcconfig */;
			buildSettings = {
				ALWAYS_SEARCH_USER_PATHS = NO;
				CLANG_ANALYZER_LOCALIZABILITY_NONLOCALIZED = YES;
				CLANG_ANALYZER_NONNULL = YES;
				CLANG_ANALYZER_NUMBER_OBJECT_CONVERSION = YES_AGGRESSIVE;
				CLANG_CXX_LANGUAGE_STANDARD = "gnu++14";
				CLANG_CXX_LIBRARY = "libc++";
				CLANG_ENABLE_MODULES = YES;
				CLANG_ENABLE_OBJC_ARC = YES;
				CLANG_ENABLE_OBJC_WEAK = YES;
				CLANG_WARN_BLOCK_CAPTURE_AUTORELEASING = YES;
				CLANG_WARN_BOOL_CONVERSION = YES;
				CLANG_WARN_COMMA = YES;
				CLANG_WARN_CONSTANT_CONVERSION = YES;
				CLANG_WARN_DEPRECATED_OBJC_IMPLEMENTATIONS = YES;
				CLANG_WARN_DIRECT_OBJC_ISA_USAGE = YES_ERROR;
				CLANG_WARN_DOCUMENTATION_COMMENTS = YES;
				CLANG_WARN_EMPTY_BODY = YES;
				CLANG_WARN_ENUM_CONVERSION = YES;
				CLANG_WARN_INFINITE_RECURSION = YES;
				CLANG_WARN_INT_CONVERSION = YES;
				CLANG_WARN_NON_LITERAL_NULL_CONVERSION = YES;
				CLANG_WARN_OBJC_IMPLICIT_RETAIN_SELF = YES;
				CLANG_WARN_OBJC_LITERAL_CONVERSION = YES;
				CLANG_WARN_OBJC_ROOT_CLASS = YES_ERROR;
				CLANG_WARN_QUOTED_INCLUDE_IN_FRAMEWORK_HEADER = YES;
				CLANG_WARN_RANGE_LOOP_ANALYSIS = YES;
				CLANG_WARN_STRICT_PROTOTYPES = YES;
				CLANG_WARN_SUSPICIOUS_MOVE = YES;
				CLANG_WARN_UNGUARDED_AVAILABILITY = YES_AGGRESSIVE;
				CLANG_WARN_UNREACHABLE_CODE = YES;
				CLANG_WARN__DUPLICATE_METHOD_MATCH = YES;
				COPY_PHASE_STRIP = NO;
				DEAD_CODE_STRIPPING = YES;
				DEBUG_INFORMATION_FORMAT = "dwarf-with-dsym";
				ENABLE_NS_ASSERTIONS = NO;
				ENABLE_STRICT_OBJC_MSGSEND = YES;
				GCC_C_LANGUAGE_STANDARD = gnu11;
				GCC_NO_COMMON_BLOCKS = YES;
				GCC_WARN_64_TO_32_BIT_CONVERSION = YES;
				GCC_WARN_ABOUT_RETURN_TYPE = YES_ERROR;
				GCC_WARN_UNDECLARED_SELECTOR = YES;
				GCC_WARN_UNINITIALIZED_AUTOS = YES_AGGRESSIVE;
				GCC_WARN_UNUSED_FUNCTION = YES;
				GCC_WARN_UNUSED_VARIABLE = YES;
				MTL_ENABLE_DEBUG_INFO = NO;
				PRODUCT_NAME = "$(TARGET_NAME)";
				VALIDATE_PRODUCT = YES;
			};
			name = Beta;
		};
		7F4F350467D10375782493E6 /* Release */ = {
			isa = XCBuildConfiguration;
			baseConfigurationReference = 0BCE5EAEC776DE5D0C854EEA /* Release.xcconfig */;
			buildSettings = {
				ALWAYS_SEARCH_USER_PATHS = NO;
				CLANG_ANALYZER_LOCALIZABILITY_NONLOCALIZED = YES;
				CLANG_ANALYZER_NONNULL = YES;
				CLANG_ANALYZER_NUMBER_OBJECT_CONVERSION = YES_AGGRESSIVE;
				CLANG_CXX_LANGUAGE_STANDARD = "gnu++14";
				CLANG_CXX_LIBRARY = "libc++";
				CLANG_ENABLE_MODULES = YES;
				CLANG_ENABLE_OBJC_ARC = YES;
				CLANG_ENABLE_OBJC_WEAK = YES;
				CLANG_WARN_BLOCK_CAPTURE_AUTORELEASING = YES;
				CLANG_WARN_BOOL_CONVERSION = YES;
				CLANG_WARN_COMMA = YES;
				CLANG_WARN_CONSTANT_CONVERSION = YES;
				CLANG_WARN_DEPRECATED_OBJC_IMPLEMENTATIONS = YES;
				CLANG_WARN_DIRECT_OBJC_ISA_USAGE = YES_ERROR;
				CLANG_WARN_DOCUMENTATION_COMMENTS = YES;
				CLANG_WARN_EMPTY_BODY = YES;
				CLANG_WARN_ENUM_CONVERSION = YES;
				CLANG_WARN_INFINITE_RECURSION = YES;
				CLANG_WARN_INT_CONVERSION = YES;
				CLANG_WARN_NON_LITERAL_NULL_CONVERSION = YES;
				CLANG_WARN_OBJC_IMPLICIT_RETAIN_SELF = YES;
				CLANG_WARN_OBJC_LITERAL_CONVERSION = YES;
				CLANG_WARN_OBJC_ROOT_CLASS = YES_ERROR;
				CLANG_WARN_QUOTED_INCLUDE_IN_FRAMEWORK_HEADER = YES;
				CLANG_WARN_RANGE_LOOP_ANALYSIS = YES;
				CLANG_WARN_STRICT_PROTOTYPES = YES;
				CLANG_WARN_SUSPICIOUS_MOVE = YES;
				CLANG_WARN_UNGUARDED_AVAILABILITY = YES_AGGRESSIVE;
				CLANG_WARN_UNREACHABLE_CODE = YES;
				CLANG_WARN__DUPLICATE_METHOD_MATCH = YES;
				COPY_PHASE_STRIP = NO;
				DEAD_CODE_STRIPPING = YES;
				DEBUG_INFORMATION_FORMAT = "dwarf-with-dsym";
				ENABLE_NS_ASSERTIONS = NO;
				ENABLE_STRICT_OBJC_MSGSEND = YES;
				GCC_C_LANGUAGE_STANDARD = gnu11;
				GCC_NO_COMMON_BLOCKS = YES;
				GCC_WARN_64_TO_32_BIT_CONVERSION = YES;
				GCC_WARN_ABOUT_RETURN_TYPE = YES_ERROR;
				GCC_WARN_UNDECLARED_SELECTOR = YES;
				GCC_WARN_UNINITIALIZED_AUTOS = YES_AGGRESSIVE;
				GCC_WARN_UNUSED_FUNCTION = YES;
				GCC_WARN_UNUSED_VARIABLE = YES;
				MTL_ENABLE_DEBUG_INFO = NO;
				PRODUCT_NAME = "$(TARGET_NAME)";
				VALIDATE_PRODUCT = YES;
			};
			name = Release;
		};
		A617E332F880A4DCC6EFD8AA /* Beta */ = {
			isa = XCBuildConfiguration;
			baseConfigurationReference = 01C23FAF0387632BCFD3CEB5 /* Target.Beta.xcconfig */;
			buildSettings = {
				ASSETCATALOG_COMPILER_APPICON_NAME = AppIcon;
				CODE_SIGN_IDENTITY = "iPhone Developer";
				ENABLE_PREVIEWS = YES;
				INFOPLIST_FILE = "Derived/InfoPlists/App2-Info.plist";
				LD_RUNPATH_SEARCH_PATHS = (
					"$(inherited)",
					"@executable_path/Frameworks",
				);
				PRODUCT_BUNDLE_IDENTIFIER = io.tuist.app;
				PRODUCT_NAME = App2;
				SDKROOT = iphoneos;
				SUPPORTS_MACCATALYST = NO;
				SUPPORTS_MAC_DESIGNED_FOR_IPHONE_IPAD = NO;
				SUPPORTS_XR_DESIGNED_FOR_IPHONE_IPAD = NO;
				SWIFT_COMPILATION_MODE = wholemodule;
				SWIFT_OPTIMIZATION_LEVEL = "-Owholemodule";
				SWIFT_VERSION = 5.0;
				TARGETED_DEVICE_FAMILY = "1,2";
			};
			name = Beta;
		};
		D6B9B1F92531B71081C4B44E /* Debug */ = {
			isa = XCBuildConfiguration;
			baseConfigurationReference = 813D29C2AEE3B5AB4F79F9D8 /* Debug.xcconfig */;
			buildSettings = {
				ALWAYS_SEARCH_USER_PATHS = NO;
				CLANG_ANALYZER_LOCALIZABILITY_NONLOCALIZED = YES;
				CLANG_ANALYZER_NONNULL = YES;
				CLANG_ANALYZER_NUMBER_OBJECT_CONVERSION = YES_AGGRESSIVE;
				CLANG_CXX_LANGUAGE_STANDARD = "gnu++14";
				CLANG_CXX_LIBRARY = "libc++";
				CLANG_ENABLE_MODULES = YES;
				CLANG_ENABLE_OBJC_ARC = YES;
				CLANG_ENABLE_OBJC_WEAK = YES;
				CLANG_WARN_BLOCK_CAPTURE_AUTORELEASING = YES;
				CLANG_WARN_BOOL_CONVERSION = YES;
				CLANG_WARN_COMMA = YES;
				CLANG_WARN_CONSTANT_CONVERSION = YES;
				CLANG_WARN_DEPRECATED_OBJC_IMPLEMENTATIONS = YES;
				CLANG_WARN_DIRECT_OBJC_ISA_USAGE = YES_ERROR;
				CLANG_WARN_DOCUMENTATION_COMMENTS = YES;
				CLANG_WARN_EMPTY_BODY = YES;
				CLANG_WARN_ENUM_CONVERSION = YES;
				CLANG_WARN_INFINITE_RECURSION = YES;
				CLANG_WARN_INT_CONVERSION = YES;
				CLANG_WARN_NON_LITERAL_NULL_CONVERSION = YES;
				CLANG_WARN_OBJC_IMPLICIT_RETAIN_SELF = YES;
				CLANG_WARN_OBJC_LITERAL_CONVERSION = YES;
				CLANG_WARN_OBJC_ROOT_CLASS = YES_ERROR;
				CLANG_WARN_QUOTED_INCLUDE_IN_FRAMEWORK_HEADER = YES;
				CLANG_WARN_RANGE_LOOP_ANALYSIS = YES;
				CLANG_WARN_STRICT_PROTOTYPES = YES;
				CLANG_WARN_SUSPICIOUS_MOVE = YES;
				CLANG_WARN_UNGUARDED_AVAILABILITY = YES_AGGRESSIVE;
				CLANG_WARN_UNREACHABLE_CODE = YES;
				CLANG_WARN__DUPLICATE_METHOD_MATCH = YES;
				COPY_PHASE_STRIP = NO;
				DEAD_CODE_STRIPPING = YES;
				DEBUG_INFORMATION_FORMAT = dwarf;
				ENABLE_STRICT_OBJC_MSGSEND = YES;
				ENABLE_TESTABILITY = YES;
				GCC_C_LANGUAGE_STANDARD = gnu11;
				GCC_DYNAMIC_NO_PIC = NO;
				GCC_NO_COMMON_BLOCKS = YES;
				GCC_OPTIMIZATION_LEVEL = 0;
				GCC_PREPROCESSOR_DEFINITIONS = (
					"DEBUG=1",
					"$(inherited)",
				);
				GCC_WARN_64_TO_32_BIT_CONVERSION = YES;
				GCC_WARN_ABOUT_RETURN_TYPE = YES_ERROR;
				GCC_WARN_UNDECLARED_SELECTOR = YES;
				GCC_WARN_UNINITIALIZED_AUTOS = YES_AGGRESSIVE;
				GCC_WARN_UNUSED_FUNCTION = YES;
				GCC_WARN_UNUSED_VARIABLE = YES;
				MTL_ENABLE_DEBUG_INFO = YES;
				ONLY_ACTIVE_ARCH = YES;
				PRODUCT_NAME = "$(TARGET_NAME)";
			};
			name = Debug;
		};
		E065AC2D7FC0675C13DFD15D /* Release */ = {
			isa = XCBuildConfiguration;
			baseConfigurationReference = CF7DC5EEE34A2D03EC6B08A0 /* Target.Release.xcconfig */;
			buildSettings = {
				ASSETCATALOG_COMPILER_APPICON_NAME = AppIcon;
				CODE_SIGN_IDENTITY = "iPhone Developer";
				ENABLE_PREVIEWS = YES;
				INFOPLIST_FILE = "Derived/InfoPlists/App2-Info.plist";
				LD_RUNPATH_SEARCH_PATHS = (
					"$(inherited)",
					"@executable_path/Frameworks",
				);
				PRODUCT_BUNDLE_IDENTIFIER = io.tuist.app;
				PRODUCT_NAME = App2;
				SDKROOT = iphoneos;
				SUPPORTS_MACCATALYST = NO;
				SUPPORTS_MAC_DESIGNED_FOR_IPHONE_IPAD = NO;
				SUPPORTS_XR_DESIGNED_FOR_IPHONE_IPAD = NO;
				SWIFT_COMPILATION_MODE = wholemodule;
				SWIFT_OPTIMIZATION_LEVEL = "-Owholemodule";
				SWIFT_VERSION = 5.0;
				TARGETED_DEVICE_FAMILY = "1,2";
			};
			name = Release;
		};
/* End XCBuildConfiguration section */

/* Begin XCConfigurationList section */
		0BC0E2A8F4F76AEEAA9F3DA3 /* Build configuration list for PBXNativeTarget "App2" */ = {
			isa = XCConfigurationList;
			buildConfigurations = (
				A617E332F880A4DCC6EFD8AA /* Beta */,
				56B2CF1E10FD3D4F66A2C972 /* Debug */,
				E065AC2D7FC0675C13DFD15D /* Release */,
			);
			defaultConfigurationIsVisible = 0;
			defaultConfigurationName = Release;
		};
		4B1938C978FC8F6180AE7650 /* Build configuration list for PBXProject "App2" */ = {
			isa = XCConfigurationList;
			buildConfigurations = (
				6B2704FA5801BDBB88247AC3 /* Beta */,
				D6B9B1F92531B71081C4B44E /* Debug */,
				7F4F350467D10375782493E6 /* Release */,
			);
			defaultConfigurationIsVisible = 0;
			defaultConfigurationName = Release;
		};
/* End XCConfigurationList section */

/* Begin XCSwiftPackageProductDependency section */
		817AFE73525ED8FFE1ED4D67 /* Flag */ = {
			isa = XCSwiftPackageProductDependency;
			productName = Flag;
		};
		E0B47DBC00813951F58CFDB8 /* Bootstrap */ = {
			isa = XCSwiftPackageProductDependency;
			productName = Bootstrap;
		};
/* End XCSwiftPackageProductDependency section */
	};
	rootObject = 8E4B77293E3F09BECFDADEDF /* Project object */;
}
